
Microsoft Visual Studio Solution File, Format Version 12.00
# Visual Studio Version 16
VisualStudioVersion = 16.0.35425.106
MinimumVisualStudioVersion = 10.0.40219.1
Project("{8BC9CEB8-8B4A-11D0-8D11-00A0C91BC942}") = "ESP32_RTLSDR_25_01_15_03", "ESP32_RTLSDR_25_01_15_03.vcxproj", "{C696E0DD-71D6-4EE2-8D99-CDC4FD250B2A}"
EndProject
Global
	GlobalSection(SolutionConfigurationPlatforms) = preSolution
		Debug|ARM = Debug|ARM
		Debug|ARM64 = Debug|ARM64
		Release|ARM = Release|ARM
		Release|ARM64 = Release|ARM64
	EndGlobalSection
	GlobalSection(ProjectConfigurationPlatforms) = postSolution
		{C696E0DD-71D6-4EE2-8D99-CDC4FD250B2A}.Debug|ARM.ActiveCfg = Debug|ARM
		{C696E0DD-71D6-4EE2-8D99-CDC4FD250B2A}.Debug|ARM.Build.0 = Debug|ARM
		{C696E0DD-71D6-4EE2-8D99-CDC4FD250B2A}.Debug|ARM.Deploy.0 = Debug|ARM
		{C696E0DD-71D6-4EE2-8D99-CDC4FD250B2A}.Debug|ARM64.ActiveCfg = Debug|ARM64
		{C696E0DD-71D6-4EE2-8D99-CDC4FD250B2A}.Debug|ARM64.Build.0 = Debug|ARM64
		{C696E0DD-71D6-4EE2-8D99-CDC4FD250B2A}.Debug|ARM64.Deploy.0 = Debug|ARM64
		{C696E0DD-71D6-4EE2-8D99-CDC4FD250B2A}.Release|ARM.ActiveCfg = Release|ARM
		{C696E0DD-71D6-4EE2-8D99-CDC4FD250B2A}.Release|ARM.Build.0 = Release|ARM
		{C696E0DD-71D6-4EE2-8D99-CDC4FD250B2A}.Release|ARM.Deploy.0 = Release|ARM
		{C696E0DD-71D6-4EE2-8D99-CDC4FD250B2A}.Release|ARM64.ActiveCfg = Release|ARM64
		{C696E0DD-71D6-4EE2-8D99-CDC4FD250B2A}.Release|ARM64.Build.0 = Release|ARM64
		{C696E0DD-71D6-4EE2-8D99-CDC4FD250B2A}.Release|ARM64.Deploy.0 = Release|ARM64
	EndGlobalSection
	GlobalSection(SolutionProperties) = preSolution
		HideSolutionNode = FALSE
	EndGlobalSection
	GlobalSection(ExtensibilityGlobals) = postSolution
		SolutionGuid = {2E6A4D97-E5D5-4877-B044-0BE359641C36}
	EndGlobalSection
EndGlobal
